
Microsoft Visual Studio Solution File, Format Version 12.00
# Visual Studio Version 16
VisualStudioVersion = 16.0.29613.14
MinimumVisualStudioVersion = 10.0.40219.1
Project("{FAE04EC0-301F-11D3-BF4B-00C04F79EFBC}") = "App4", "App4\App4.csproj", "{79E1DD2B-0AEB-427C-801E-FEA908C1B048}"
EndProject
Global
	GlobalSection(SolutionConfigurationPlatforms) = preSolution
		Debug|Any CPU = Debug|Any CPU
		Release|Any CPU = Release|Any CPU
	EndGlobalSection
	GlobalSection(ProjectConfigurationPlatforms) = postSolution
		{79E1DD2B-0AEB-427C-801E-FEA908C1B048}.Debug|Any CPU.ActiveCfg = Debug|Any CPU
		{79E1DD2B-0AEB-427C-801E-FEA908C1B048}.Debug|Any CPU.Build.0 = Debug|Any CPU
		{79E1DD2B-0AEB-427C-801E-FEA908C1B048}.Release|Any CPU.ActiveCfg = Release|Any CPU
		{79E1DD2B-0AEB-427C-801E-FEA908C1B048}.Release|Any CPU.Build.0 = Release|Any CPU
	EndGlobalSection
	GlobalSection(SolutionProperties) = preSolution
		HideSolutionNode = FALSE
	EndGlobalSection
	GlobalSection(ExtensibilityGlobals) = postSolution
		SolutionGuid = {51AE5FC2-7218-4684-97DE-BDC41BADB789}
	EndGlobalSection
EndGlobal
