
Microsoft Visual Studio Solution File, Format Version 12.00
# Visual Studio Version 16
VisualStudioVersion = 16.0.29613.14
MinimumVisualStudioVersion = 10.0.40219.1
Project("{FAE04EC0-301F-11D3-BF4B-00C04F79EFBC}") = "App6", "App6\App6.csproj", "{5351FE9C-25FA-4740-82A9-DF6AA70DD7D2}"
EndProject
Global
	GlobalSection(SolutionConfigurationPlatforms) = preSolution
		Debug|Any CPU = Debug|Any CPU
		Release|Any CPU = Release|Any CPU
	EndGlobalSection
	GlobalSection(ProjectConfigurationPlatforms) = postSolution
		{5351FE9C-25FA-4740-82A9-DF6AA70DD7D2}.Debug|Any CPU.ActiveCfg = Debug|Any CPU
		{5351FE9C-25FA-4740-82A9-DF6AA70DD7D2}.Debug|Any CPU.Build.0 = Debug|Any CPU
		{5351FE9C-25FA-4740-82A9-DF6AA70DD7D2}.Release|Any CPU.ActiveCfg = Release|Any CPU
		{5351FE9C-25FA-4740-82A9-DF6AA70DD7D2}.Release|Any CPU.Build.0 = Release|Any CPU
	EndGlobalSection
	GlobalSection(SolutionProperties) = preSolution
		HideSolutionNode = FALSE
	EndGlobalSection
	GlobalSection(ExtensibilityGlobals) = postSolution
		SolutionGuid = {10351BED-52DE-445A-A54F-0A0DBB508186}
	EndGlobalSection
EndGlobal
